
Microsoft Visual Studio Solution File, Format Version 12.00
# Visual Studio Version 17
VisualStudioVersion = 17.0.31903.59
MinimumVisualStudioVersion = 10.0.40219.1
Project("{2150E333-8FDC-42A3-9474-1A3956D46DE8}") = "src", "src", "{827E0CD3-B72D-47B6-A68D-7590B98EB39B}"
EndProject
Project("{2150E333-8FDC-42A3-9474-1A3956D46DE8}") = "hosts", "hosts", "{C79C3622-AC92-5B3C-4F71-0BD0E7B3816F}"
EndProject
Project("{FAE04EC0-301F-11D3-BF4B-00C04F79EFBC}") = "THLauncher.WebApi", "src\hosts\THLauncher.WebApi\THLauncher.WebApi.csproj", "{0C965D4F-8ECA-4721-B433-1DC37F4809C9}"
EndProject
Project("{2150E333-8FDC-42A3-9474-1A3956D46DE8}") = "modules", "modules", "{E431C0EF-0A07-9D2C-3EA9-2C750D5184D2}"
EndProject
Project("{2150E333-8FDC-42A3-9474-1A3956D46DE8}") = "THLauncher.Clientes", "THLauncher.Clientes", "{A1B2C3D4-0001-0001-0001-000000000001}"
EndProject
Project("{FAE04EC0-301F-11D3-BF4B-00C04F79EFBC}") = "THLauncher.Clientes.Domain", "src\\modules\\THLauncher.Clientes.Domain\THLauncher.Clientes.Domain.csproj", "{35132509-F994-45A2-8C49-007F0AC4E8C6}"
EndProject
Project("{FAE04EC0-301F-11D3-BF4B-00C04F79EFBC}") = "THLauncher.Clientes.Application", "src\\modules\\THLauncher.Clientes.Application\THLauncher.Clientes.Application.csproj", "{5CEE38E3-8D1F-432D-A671-5C8CBCB45C8D}"
EndProject
Project("{FAE04EC0-301F-11D3-BF4B-00C04F79EFBC}") = "THLauncher.Clientes.Infrastructure", "src\\modules\\THLauncher.Clientes.Infrastructure\THLauncher.Clientes.Infrastructure.csproj", "{3A196608-300B-4956-82C9-EB4B2CA6290E}"
EndProject
Project("{FAE04EC0-301F-11D3-BF4B-00C04F79EFBC}") = "THLauncher.Clientes.API", "src\\modules\\THLauncher.Clientes.API\THLauncher.Clientes.API.csproj", "{3DD67A83-F583-4EC3-A477-1AC038A06355}"
EndProject
Project("{2150E333-8FDC-42A3-9474-1A3956D46DE8}") = "THLauncher.Produtos", "THLauncher.Produtos", "{A1B2C3D4-0002-0002-0002-000000000002}"
EndProject
Project("{FAE04EC0-301F-11D3-BF4B-00C04F79EFBC}") = "THLauncher.Produtos.Domain", "src\\modules\\THLauncher.Produtos.Domain\THLauncher.Produtos.Domain.csproj", "{E48F1615-B673-4A55-A5B4-7E67B60C52FA}"
EndProject
Project("{FAE04EC0-301F-11D3-BF4B-00C04F79EFBC}") = "THLauncher.Produtos.Application", "src\\modules\\THLauncher.Produtos.Application\THLauncher.Produtos.Application.csproj", "{9B408768-F47D-4973-8EBC-1BE26FFE1C78}"
EndProject
Project("{FAE04EC0-301F-11D3-BF4B-00C04F79EFBC}") = "THLauncher.Produtos.Infrastructure", "src\\modules\\THLauncher.Produtos.Infrastructure\THLauncher.Produtos.Infrastructure.csproj", "{E9E8499C-3D48-4F68-B478-A05CC8644078}"
EndProject
Project("{FAE04EC0-301F-11D3-BF4B-00C04F79EFBC}") = "THLauncher.Produtos.API", "src\\modules\\THLauncher.Produtos.API\THLauncher.Produtos.API.csproj", "{1E8AA392-B576-4014-BBE5-3F7F5561BC38}"
EndProject
Project("{2150E333-8FDC-42A3-9474-1A3956D46DE8}") = "THLauncher.Vendas", "THLauncher.Vendas", "{A1B2C3D4-0003-0003-0003-000000000003}"
EndProject
Project("{FAE04EC0-301F-11D3-BF4B-00C04F79EFBC}") = "THLauncher.Vendas.Domain", "src\\modules\\THLauncher.Vendas.Domain\THLauncher.Vendas.Domain.csproj", "{49EF036B-CA6D-4F44-8974-C2C0E5747247}"
EndProject
Project("{FAE04EC0-301F-11D3-BF4B-00C04F79EFBC}") = "THLauncher.Vendas.Application", "src\\modules\\THLauncher.Vendas.Application\THLauncher.Vendas.Application.csproj", "{7CA07ECC-AB87-4A13-A051-8983BB1815B9}"
EndProject
Project("{FAE04EC0-301F-11D3-BF4B-00C04F79EFBC}") = "THLauncher.Vendas.Infrastructure", "src\\modules\\THLauncher.Vendas.Infrastructure\THLauncher.Vendas.Infrastructure.csproj", "{97130CA2-2B7F-44BB-984F-7B26D6F85D0A}"
EndProject
Project("{FAE04EC0-301F-11D3-BF4B-00C04F79EFBC}") = "THLauncher.Vendas.API", "src\\modules\\THLauncher.Vendas.API\THLauncher.Vendas.API.csproj", "{CD8AFC8F-4D5A-4966-A71B-F80045211EB3}"
EndProject
Project("{2150E333-8FDC-42A3-9474-1A3956D46DE8}") = "tests", "tests", "{0AB3BF05-4346-4AA6-1389-037BE0695223}"
EndProject
Project("{FAE04EC0-301F-11D3-BF4B-00C04F79EFBC}") = "THLauncher.Tests", "tests\THLauncher.Tests\THLauncher.Tests.csproj", "{B2709056-C334-489E-B0B9-655FF2E4B599}"
EndProject
Global
	GlobalSection(SolutionConfigurationPlatforms) = preSolution
		Debug|Any CPU = Debug|Any CPU
		Debug|x64 = Debug|x64
		Debug|x86 = Debug|x86
		Release|Any CPU = Release|Any CPU
		Release|x64 = Release|x64
		Release|x86 = Release|x86
	EndGlobalSection
	GlobalSection(ProjectConfigurationPlatforms) = postSolution
		{0C965D4F-8ECA-4721-B433-1DC37F4809C9}.Debug|Any CPU.ActiveCfg = Debug|Any CPU
		{0C965D4F-8ECA-4721-B433-1DC37F4809C9}.Debug|Any CPU.Build.0 = Debug|Any CPU
		{0C965D4F-8ECA-4721-B433-1DC37F4809C9}.Debug|x64.ActiveCfg = Debug|Any CPU
		{0C965D4F-8ECA-4721-B433-1DC37F4809C9}.Debug|x64.Build.0 = Debug|Any CPU
		{0C965D4F-8ECA-4721-B433-1DC37F4809C9}.Debug|x86.ActiveCfg = Debug|Any CPU
		{0C965D4F-8ECA-4721-B433-1DC37F4809C9}.Debug|x86.Build.0 = Debug|Any CPU
		{0C965D4F-8ECA-4721-B433-1DC37F4809C9}.Release|Any CPU.ActiveCfg = Release|Any CPU
		{0C965D4F-8ECA-4721-B433-1DC37F4809C9}.Release|Any CPU.Build.0 = Release|Any CPU
		{0C965D4F-8ECA-4721-B433-1DC37F4809C9}.Release|x64.ActiveCfg = Release|Any CPU
		{0C965D4F-8ECA-4721-B433-1DC37F4809C9}.Release|x64.Build.0 = Release|Any CPU
		{0C965D4F-8ECA-4721-B433-1DC37F4809C9}.Release|x86.ActiveCfg = Release|Any CPU
		{0C965D4F-8ECA-4721-B433-1DC37F4809C9}.Release|x86.Build.0 = Release|Any CPU
		{35132509-F994-45A2-8C49-007F0AC4E8C6}.Debug|Any CPU.ActiveCfg = Debug|Any CPU
		{35132509-F994-45A2-8C49-007F0AC4E8C6}.Debug|Any CPU.Build.0 = Debug|Any CPU
		{35132509-F994-45A2-8C49-007F0AC4E8C6}.Debug|x64.ActiveCfg = Debug|Any CPU
		{35132509-F994-45A2-8C49-007F0AC4E8C6}.Debug|x64.Build.0 = Debug|Any CPU
		{35132509-F994-45A2-8C49-007F0AC4E8C6}.Debug|x86.ActiveCfg = Debug|Any CPU
		{35132509-F994-45A2-8C49-007F0AC4E8C6}.Debug|x86.Build.0 = Debug|Any CPU
		{35132509-F994-45A2-8C49-007F0AC4E8C6}.Release|Any CPU.ActiveCfg = Release|Any CPU
		{35132509-F994-45A2-8C49-007F0AC4E8C6}.Release|Any CPU.Build.0 = Release|Any CPU
		{35132509-F994-45A2-8C49-007F0AC4E8C6}.Release|x64.ActiveCfg = Release|Any CPU
		{35132509-F994-45A2-8C49-007F0AC4E8C6}.Release|x64.Build.0 = Release|Any CPU
		{35132509-F994-45A2-8C49-007F0AC4E8C6}.Release|x86.ActiveCfg = Release|Any CPU
		{35132509-F994-45A2-8C49-007F0AC4E8C6}.Release|x86.Build.0 = Release|Any CPU
		{5CEE38E3-8D1F-432D-A671-5C8CBCB45C8D}.Debug|Any CPU.ActiveCfg = Debug|Any CPU
		{5CEE38E3-8D1F-432D-A671-5C8CBCB45C8D}.Debug|Any CPU.Build.0 = Debug|Any CPU
		{5CEE38E3-8D1F-432D-A671-5C8CBCB45C8D}.Debug|x64.ActiveCfg = Debug|Any CPU
		{5CEE38E3-8D1F-432D-A671-5C8CBCB45C8D}.Debug|x64.Build.0 = Debug|Any CPU
		{5CEE38E3-8D1F-432D-A671-5C8CBCB45C8D}.Debug|x86.ActiveCfg = Debug|Any CPU
		{5CEE38E3-8D1F-432D-A671-5C8CBCB45C8D}.Debug|x86.Build.0 = Debug|Any CPU
		{5CEE38E3-8D1F-432D-A671-5C8CBCB45C8D}.Release|Any CPU.ActiveCfg = Release|Any CPU
		{5CEE38E3-8D1F-432D-A671-5C8CBCB45C8D}.Release|Any CPU.Build.0 = Release|Any CPU
		{5CEE38E3-8D1F-432D-A671-5C8CBCB45C8D}.Release|x64.ActiveCfg = Release|Any CPU
		{5CEE38E3-8D1F-432D-A671-5C8CBCB45C8D}.Release|x64.Build.0 = Release|Any CPU
		{5CEE38E3-8D1F-432D-A671-5C8CBCB45C8D}.Release|x86.ActiveCfg = Release|Any CPU
		{5CEE38E3-8D1F-432D-A671-5C8CBCB45C8D}.Release|x86.Build.0 = Release|Any CPU
		{3A196608-300B-4956-82C9-EB4B2CA6290E}.Debug|Any CPU.ActiveCfg = Debug|Any CPU
		{3A196608-300B-4956-82C9-EB4B2CA6290E}.Debug|Any CPU.Build.0 = Debug|Any CPU
		{3A196608-300B-4956-82C9-EB4B2CA6290E}.Debug|x64.ActiveCfg = Debug|Any CPU
		{3A196608-300B-4956-82C9-EB4B2CA6290E}.Debug|x64.Build.0 = Debug|Any CPU
		{3A196608-300B-4956-82C9-EB4B2CA6290E}.Debug|x86.ActiveCfg = Debug|Any CPU
		{3A196608-300B-4956-82C9-EB4B2CA6290E}.Debug|x86.Build.0 = Debug|Any CPU
		{3A196608-300B-4956-82C9-EB4B2CA6290E}.Release|Any CPU.ActiveCfg = Release|Any CPU
		{3A196608-300B-4956-82C9-EB4B2CA6290E}.Release|Any CPU.Build.0 = Release|Any CPU
		{3A196608-300B-4956-82C9-EB4B2CA6290E}.Release|x64.ActiveCfg = Release|Any CPU
		{3A196608-300B-4956-82C9-EB4B2CA6290E}.Release|x64.Build.0 = Release|Any CPU
		{3A196608-300B-4956-82C9-EB4B2CA6290E}.Release|x86.ActiveCfg = Release|Any CPU
		{3A196608-300B-4956-82C9-EB4B2CA6290E}.Release|x86.Build.0 = Release|Any CPU
		{3DD67A83-F583-4EC3-A477-1AC038A06355}.Debug|Any CPU.ActiveCfg = Debug|Any CPU
		{3DD67A83-F583-4EC3-A477-1AC038A06355}.Debug|Any CPU.Build.0 = Debug|Any CPU
		{3DD67A83-F583-4EC3-A477-1AC038A06355}.Debug|x64.ActiveCfg = Debug|Any CPU
		{3DD67A83-F583-4EC3-A477-1AC038A06355}.Debug|x64.Build.0 = Debug|Any CPU
		{3DD67A83-F583-4EC3-A477-1AC038A06355}.Debug|x86.ActiveCfg = Debug|Any CPU
		{3DD67A83-F583-4EC3-A477-1AC038A06355}.Debug|x86.Build.0 = Debug|Any CPU
		{3DD67A83-F583-4EC3-A477-1AC038A06355}.Release|Any CPU.ActiveCfg = Release|Any CPU
		{3DD67A83-F583-4EC3-A477-1AC038A06355}.Release|Any CPU.Build.0 = Release|Any CPU
		{3DD67A83-F583-4EC3-A477-1AC038A06355}.Release|x64.ActiveCfg = Release|Any CPU
		{3DD67A83-F583-4EC3-A477-1AC038A06355}.Release|x64.Build.0 = Release|Any CPU
		{3DD67A83-F583-4EC3-A477-1AC038A06355}.Release|x86.ActiveCfg = Release|Any CPU
		{3DD67A83-F583-4EC3-A477-1AC038A06355}.Release|x86.Build.0 = Release|Any CPU
		{E48F1615-B673-4A55-A5B4-7E67B60C52FA}.Debug|Any CPU.ActiveCfg = Debug|Any CPU
		{E48F1615-B673-4A55-A5B4-7E67B60C52FA}.Debug|Any CPU.Build.0 = Debug|Any CPU
		{E48F1615-B673-4A55-A5B4-7E67B60C52FA}.Debug|x64.ActiveCfg = Debug|Any CPU
		{E48F1615-B673-4A55-A5B4-7E67B60C52FA}.Debug|x64.Build.0 = Debug|Any CPU
		{E48F1615-B673-4A55-A5B4-7E67B60C52FA}.Debug|x86.ActiveCfg = Debug|Any CPU
		{E48F1615-B673-4A55-A5B4-7E67B60C52FA}.Debug|x86.Build.0 = Debug|Any CPU
		{E48F1615-B673-4A55-A5B4-7E67B60C52FA}.Release|Any CPU.ActiveCfg = Release|Any CPU
		{E48F1615-B673-4A55-A5B4-7E67B60C52FA}.Release|Any CPU.Build.0 = Release|Any CPU
		{E48F1615-B673-4A55-A5B4-7E67B60C52FA}.Release|x64.ActiveCfg = Release|Any CPU
		{E48F1615-B673-4A55-A5B4-7E67B60C52FA}.Release|x64.Build.0 = Release|Any CPU
		{E48F1615-B673-4A55-A5B4-7E67B60C52FA}.Release|x86.ActiveCfg = Release|Any CPU
		{E48F1615-B673-4A55-A5B4-7E67B60C52FA}.Release|x86.Build.0 = Release|Any CPU
		{9B408768-F47D-4973-8EBC-1BE26FFE1C78}.Debug|Any CPU.ActiveCfg = Debug|Any CPU
		{9B408768-F47D-4973-8EBC-1BE26FFE1C78}.Debug|Any CPU.Build.0 = Debug|Any CPU
		{9B408768-F47D-4973-8EBC-1BE26FFE1C78}.Debug|x64.ActiveCfg = Debug|Any CPU
		{9B408768-F47D-4973-8EBC-1BE26FFE1C78}.Debug|x64.Build.0 = Debug|Any CPU
		{9B408768-F47D-4973-8EBC-1BE26FFE1C78}.Debug|x86.ActiveCfg = Debug|Any CPU
		{9B408768-F47D-4973-8EBC-1BE26FFE1C78}.Debug|x86.Build.0 = Debug|Any CPU
		{9B408768-F47D-4973-8EBC-1BE26FFE1C78}.Release|Any CPU.ActiveCfg = Release|Any CPU
		{9B408768-F47D-4973-8EBC-1BE26FFE1C78}.Release|Any CPU.Build.0 = Release|Any CPU
		{9B408768-F47D-4973-8EBC-1BE26FFE1C78}.Release|x64.ActiveCfg = Release|Any CPU
		{9B408768-F47D-4973-8EBC-1BE26FFE1C78}.Release|x64.Build.0 = Release|Any CPU
		{9B408768-F47D-4973-8EBC-1BE26FFE1C78}.Release|x86.ActiveCfg = Release|Any CPU
		{9B408768-F47D-4973-8EBC-1BE26FFE1C78}.Release|x86.Build.0 = Release|Any CPU
		{E9E8499C-3D48-4F68-B478-A05CC8644078}.Debug|Any CPU.ActiveCfg = Debug|Any CPU
		{E9E8499C-3D48-4F68-B478-A05CC8644078}.Debug|Any CPU.Build.0 = Debug|Any CPU
		{E9E8499C-3D48-4F68-B478-A05CC8644078}.Debug|x64.ActiveCfg = Debug|Any CPU
		{E9E8499C-3D48-4F68-B478-A05CC8644078}.Debug|x64.Build.0 = Debug|Any CPU
		{E9E8499C-3D48-4F68-B478-A05CC8644078}.Debug|x86.ActiveCfg = Debug|Any CPU
		{E9E8499C-3D48-4F68-B478-A05CC8644078}.Debug|x86.Build.0 = Debug|Any CPU
		{E9E8499C-3D48-4F68-B478-A05CC8644078}.Release|Any CPU.ActiveCfg = Release|Any CPU
		{E9E8499C-3D48-4F68-B478-A05CC8644078}.Release|Any CPU.Build.0 = Release|Any CPU
		{E9E8499C-3D48-4F68-B478-A05CC8644078}.Release|x64.ActiveCfg = Release|Any CPU
		{E9E8499C-3D48-4F68-B478-A05CC8644078}.Release|x64.Build.0 = Release|Any CPU
		{E9E8499C-3D48-4F68-B478-A05CC8644078}.Release|x86.ActiveCfg = Release|Any CPU
		{E9E8499C-3D48-4F68-B478-A05CC8644078}.Release|x86.Build.0 = Release|Any CPU
		{1E8AA392-B576-4014-BBE5-3F7F5561BC38}.Debug|Any CPU.ActiveCfg = Debug|Any CPU
		{1E8AA392-B576-4014-BBE5-3F7F5561BC38}.Debug|Any CPU.Build.0 = Debug|Any CPU
		{1E8AA392-B576-4014-BBE5-3F7F5561BC38}.Debug|x64.ActiveCfg = Debug|Any CPU
		{1E8AA392-B576-4014-BBE5-3F7F5561BC38}.Debug|x64.Build.0 = Debug|Any CPU
		{1E8AA392-B576-4014-BBE5-3F7F5561BC38}.Debug|x86.ActiveCfg = Debug|Any CPU
		{1E8AA392-B576-4014-BBE5-3F7F5561BC38}.Debug|x86.Build.0 = Debug|Any CPU
		{1E8AA392-B576-4014-BBE5-3F7F5561BC38}.Release|Any CPU.ActiveCfg = Release|Any CPU
		{1E8AA392-B576-4014-BBE5-3F7F5561BC38}.Release|Any CPU.Build.0 = Release|Any CPU
		{1E8AA392-B576-4014-BBE5-3F7F5561BC38}.Release|x64.ActiveCfg = Release|Any CPU
		{1E8AA392-B576-4014-BBE5-3F7F5561BC38}.Release|x64.Build.0 = Release|Any CPU
		{1E8AA392-B576-4014-BBE5-3F7F5561BC38}.Release|x86.ActiveCfg = Release|Any CPU
		{1E8AA392-B576-4014-BBE5-3F7F5561BC38}.Release|x86.Build.0 = Release|Any CPU
		{49EF036B-CA6D-4F44-8974-C2C0E5747247}.Debug|Any CPU.ActiveCfg = Debug|Any CPU
		{49EF036B-CA6D-4F44-8974-C2C0E5747247}.Debug|Any CPU.Build.0 = Debug|Any CPU
		{49EF036B-CA6D-4F44-8974-C2C0E5747247}.Debug|x64.ActiveCfg = Debug|Any CPU
		{49EF036B-CA6D-4F44-8974-C2C0E5747247}.Debug|x64.Build.0 = Debug|Any CPU
		{49EF036B-CA6D-4F44-8974-C2C0E5747247}.Debug|x86.ActiveCfg = Debug|Any CPU
		{49EF036B-CA6D-4F44-8974-C2C0E5747247}.Debug|x86.Build.0 = Debug|Any CPU
		{49EF036B-CA6D-4F44-8974-C2C0E5747247}.Release|Any CPU.ActiveCfg = Release|Any CPU
		{49EF036B-CA6D-4F44-8974-C2C0E5747247}.Release|Any CPU.Build.0 = Release|Any CPU
		{49EF036B-CA6D-4F44-8974-C2C0E5747247}.Release|x64.ActiveCfg = Release|Any CPU
		{49EF036B-CA6D-4F44-8974-C2C0E5747247}.Release|x64.Build.0 = Release|Any CPU
		{49EF036B-CA6D-4F44-8974-C2C0E5747247}.Release|x86.ActiveCfg = Release|Any CPU
		{49EF036B-CA6D-4F44-8974-C2C0E5747247}.Release|x86.Build.0 = Release|Any CPU
		{7CA07ECC-AB87-4A13-A051-8983BB1815B9}.Debug|Any CPU.ActiveCfg = Debug|Any CPU
		{7CA07ECC-AB87-4A13-A051-8983BB1815B9}.Debug|Any CPU.Build.0 = Debug|Any CPU
		{7CA07ECC-AB87-4A13-A051-8983BB1815B9}.Debug|x64.ActiveCfg = Debug|Any CPU
		{7CA07ECC-AB87-4A13-A051-8983BB1815B9}.Debug|x64.Build.0 = Debug|Any CPU
		{7CA07ECC-AB87-4A13-A051-8983BB1815B9}.Debug|x86.ActiveCfg = Debug|Any CPU
		{7CA07ECC-AB87-4A13-A051-8983BB1815B9}.Debug|x86.Build.0 = Debug|Any CPU
		{7CA07ECC-AB87-4A13-A051-8983BB1815B9}.Release|Any CPU.ActiveCfg = Release|Any CPU
		{7CA07ECC-AB87-4A13-A051-8983BB1815B9}.Release|Any CPU.Build.0 = Release|Any CPU
		{7CA07ECC-AB87-4A13-A051-8983BB1815B9}.Release|x64.ActiveCfg = Release|Any CPU
		{7CA07ECC-AB87-4A13-A051-8983BB1815B9}.Release|x64.Build.0 = Release|Any CPU
		{7CA07ECC-AB87-4A13-A051-8983BB1815B9}.Release|x86.ActiveCfg = Release|Any CPU
		{7CA07ECC-AB87-4A13-A051-8983BB1815B9}.Release|x86.Build.0 = Release|Any CPU
		{97130CA2-2B7F-44BB-984F-7B26D6F85D0A}.Debug|Any CPU.ActiveCfg = Debug|Any CPU
		{97130CA2-2B7F-44BB-984F-7B26D6F85D0A}.Debug|Any CPU.Build.0 = Debug|Any CPU
		{97130CA2-2B7F-44BB-984F-7B26D6F85D0A}.Debug|x64.ActiveCfg = Debug|Any CPU
		{97130CA2-2B7F-44BB-984F-7B26D6F85D0A}.Debug|x64.Build.0 = Debug|Any CPU
		{97130CA2-2B7F-44BB-984F-7B26D6F85D0A}.Debug|x86.ActiveCfg = Debug|Any CPU
		{97130CA2-2B7F-44BB-984F-7B26D6F85D0A}.Debug|x86.Build.0 = Debug|Any CPU
		{97130CA2-2B7F-44BB-984F-7B26D6F85D0A}.Release|Any CPU.ActiveCfg = Release|Any CPU
		{97130CA2-2B7F-44BB-984F-7B26D6F85D0A}.Release|Any CPU.Build.0 = Release|Any CPU
		{97130CA2-2B7F-44BB-984F-7B26D6F85D0A}.Release|x64.ActiveCfg = Release|Any CPU
		{97130CA2-2B7F-44BB-984F-7B26D6F85D0A}.Release|x64.Build.0 = Release|Any CPU
		{97130CA2-2B7F-44BB-984F-7B26D6F85D0A}.Release|x86.ActiveCfg = Release|Any CPU
		{97130CA2-2B7F-44BB-984F-7B26D6F85D0A}.Release|x86.Build.0 = Release|Any CPU
		{CD8AFC8F-4D5A-4966-A71B-F80045211EB3}.Debug|Any CPU.ActiveCfg = Debug|Any CPU
		{CD8AFC8F-4D5A-4966-A71B-F80045211EB3}.Debug|Any CPU.Build.0 = Debug|Any CPU
		{CD8AFC8F-4D5A-4966-A71B-F80045211EB3}.Debug|x64.ActiveCfg = Debug|Any CPU
		{CD8AFC8F-4D5A-4966-A71B-F80045211EB3}.Debug|x64.Build.0 = Debug|Any CPU
		{CD8AFC8F-4D5A-4966-A71B-F80045211EB3}.Debug|x86.ActiveCfg = Debug|Any CPU
		{CD8AFC8F-4D5A-4966-A71B-F80045211EB3}.Debug|x86.Build.0 = Debug|Any CPU
		{CD8AFC8F-4D5A-4966-A71B-F80045211EB3}.Release|Any CPU.ActiveCfg = Release|Any CPU
		{CD8AFC8F-4D5A-4966-A71B-F80045211EB3}.Release|Any CPU.Build.0 = Release|Any CPU
		{CD8AFC8F-4D5A-4966-A71B-F80045211EB3}.Release|x64.ActiveCfg = Release|Any CPU
		{CD8AFC8F-4D5A-4966-A71B-F80045211EB3}.Release|x64.Build.0 = Release|Any CPU
		{CD8AFC8F-4D5A-4966-A71B-F80045211EB3}.Release|x86.ActiveCfg = Release|Any CPU
		{CD8AFC8F-4D5A-4966-A71B-F80045211EB3}.Release|x86.Build.0 = Release|Any CPU
		{B2709056-C334-489E-B0B9-655FF2E4B599}.Debug|Any CPU.ActiveCfg = Debug|Any CPU
		{B2709056-C334-489E-B0B9-655FF2E4B599}.Debug|Any CPU.Build.0 = Debug|Any CPU
		{B2709056-C334-489E-B0B9-655FF2E4B599}.Debug|x64.ActiveCfg = Debug|Any CPU
		{B2709056-C334-489E-B0B9-655FF2E4B599}.Debug|x64.Build.0 = Debug|Any CPU
		{B2709056-C334-489E-B0B9-655FF2E4B599}.Debug|x86.ActiveCfg = Debug|Any CPU
		{B2709056-C334-489E-B0B9-655FF2E4B599}.Debug|x86.Build.0 = Debug|Any CPU
		{B2709056-C334-489E-B0B9-655FF2E4B599}.Release|Any CPU.ActiveCfg = Release|Any CPU
		{B2709056-C334-489E-B0B9-655FF2E4B599}.Release|Any CPU.Build.0 = Release|Any CPU
		{B2709056-C334-489E-B0B9-655FF2E4B599}.Release|x64.ActiveCfg = Release|Any CPU
		{B2709056-C334-489E-B0B9-655FF2E4B599}.Release|x64.Build.0 = Release|Any CPU
		{B2709056-C334-489E-B0B9-655FF2E4B599}.Release|x86.ActiveCfg = Release|Any CPU
		{B2709056-C334-489E-B0B9-655FF2E4B599}.Release|x86.Build.0 = Release|Any CPU
	EndGlobalSection
	GlobalSection(SolutionProperties) = preSolution
		HideSolutionNode = FALSE
	EndGlobalSection
	GlobalSection(NestedProjects) = preSolution
		{C79C3622-AC92-5B3C-4F71-0BD0E7B3816F} = {827E0CD3-B72D-47B6-A68D-7590B98EB39B}
		{0C965D4F-8ECA-4721-B433-1DC37F4809C9} = {C79C3622-AC92-5B3C-4F71-0BD0E7B3816F}
		{E431C0EF-0A07-9D2C-3EA9-2C750D5184D2} = {827E0CD3-B72D-47B6-A68D-7590B98EB39B}
		{A1B2C3D4-0001-0001-0001-000000000001} = {E431C0EF-0A07-9D2C-3EA9-2C750D5184D2}
		{35132509-F994-45A2-8C49-007F0AC4E8C6} = {A1B2C3D4-0001-0001-0001-000000000001}
		{5CEE38E3-8D1F-432D-A671-5C8CBCB45C8D} = {A1B2C3D4-0001-0001-0001-000000000001}
		{3A196608-300B-4956-82C9-EB4B2CA6290E} = {A1B2C3D4-0001-0001-0001-000000000001}
		{3DD67A83-F583-4EC3-A477-1AC038A06355} = {A1B2C3D4-0001-0001-0001-000000000001}
		{A1B2C3D4-0002-0002-0002-000000000002} = {E431C0EF-0A07-9D2C-3EA9-2C750D5184D2}
		{E48F1615-B673-4A55-A5B4-7E67B60C52FA} = {A1B2C3D4-0002-0002-0002-000000000002}
		{9B408768-F47D-4973-8EBC-1BE26FFE1C78} = {A1B2C3D4-0002-0002-0002-000000000002}
		{E9E8499C-3D48-4F68-B478-A05CC8644078} = {A1B2C3D4-0002-0002-0002-000000000002}
		{1E8AA392-B576-4014-BBE5-3F7F5561BC38} = {A1B2C3D4-0002-0002-0002-000000000002}
		{A1B2C3D4-0003-0003-0003-000000000003} = {E431C0EF-0A07-9D2C-3EA9-2C750D5184D2}
		{49EF036B-CA6D-4F44-8974-C2C0E5747247} = {A1B2C3D4-0003-0003-0003-000000000003}
		{7CA07ECC-AB87-4A13-A051-8983BB1815B9} = {A1B2C3D4-0003-0003-0003-000000000003}
		{97130CA2-2B7F-44BB-984F-7B26D6F85D0A} = {A1B2C3D4-0003-0003-0003-000000000003}
		{CD8AFC8F-4D5A-4966-A71B-F80045211EB3} = {A1B2C3D4-0003-0003-0003-000000000003}
		{B2709056-C334-489E-B0B9-655FF2E4B599} = {0AB3BF05-4346-4AA6-1389-037BE0695223}
	EndGlobalSection
EndGlobal
